
Microsoft Visual Studio Solution File, Format Version 12.00
# Visual Studio Version 17
VisualStudioVersion = 17.0.31903.59
MinimumVisualStudioVersion = 10.0.40219.1
Project("{FAE04EC0-301F-11D3-BF4B-00C04F79EFBC}") = "Entidades", "Entidades\Entidades.csproj", "{EF272877-8868-4F31-A670-DC9D7E537C62}"
EndProject
Project("{FAE04EC0-301F-11D3-BF4B-00C04F79EFBC}") = "Api", "Api\Api.csproj", "{028022F0-8F90-423F-A99B-BEFF1D637AE5}"
EndProject
Global
	GlobalSection(SolutionConfigurationPlatforms) = preSolution
		Debug|Any CPU = Debug|Any CPU
		Release|Any CPU = Release|Any CPU
	EndGlobalSection
	GlobalSection(SolutionProperties) = preSolution
		HideSolutionNode = FALSE
	EndGlobalSection
	GlobalSection(ProjectConfigurationPlatforms) = postSolution
		{EF272877-8868-4F31-A670-DC9D7E537C62}.Debug|Any CPU.ActiveCfg = Debug|Any CPU
		{EF272877-8868-4F31-A670-DC9D7E537C62}.Debug|Any CPU.Build.0 = Debug|Any CPU
		{EF272877-8868-4F31-A670-DC9D7E537C62}.Release|Any CPU.ActiveCfg = Release|Any CPU
		{EF272877-8868-4F31-A670-DC9D7E537C62}.Release|Any CPU.Build.0 = Release|Any CPU
		{028022F0-8F90-423F-A99B-BEFF1D637AE5}.Debug|Any CPU.ActiveCfg = Debug|Any CPU
		{028022F0-8F90-423F-A99B-BEFF1D637AE5}.Debug|Any CPU.Build.0 = Debug|Any CPU
		{028022F0-8F90-423F-A99B-BEFF1D637AE5}.Release|Any CPU.ActiveCfg = Release|Any CPU
		{028022F0-8F90-423F-A99B-BEFF1D637AE5}.Release|Any CPU.Build.0 = Release|Any CPU
	EndGlobalSection
EndGlobal
